// !$*UTF8*$!
{
	archiveVersion = 1;
	classes = {
	};
	objectVersion = 50;
	objects = {

/* Begin PBXBuildFile section */
		003DC3E72178EF2E006B42EF /* rjImportMomentsViewController.swift in Sources */ = {isa = PBXBuildFile; fileRef = 003DC3E62178EF2E006B42EF /* rjImportMomentsViewController.swift */; };
		007DDC8D2140575800047CE4 /* rjAppDelegate.swift in Sources */ = {isa = PBXBuildFile; fileRef = 007DDC8C2140575800047CE4 /* rjAppDelegate.swift */; };
		007DDC922140575800047CE4 /* Main.storyboard in Resources */ = {isa = PBXBuildFile; fileRef = 007DDC902140575800047CE4 /* Main.storyboard */; };
		007DDC942140575E00047CE4 /* Assets.xcassets in Resources */ = {isa = PBXBuildFile; fileRef = 007DDC932140575E00047CE4 /* Assets.xcassets */; };
		007DDCAD2140575E00047CE4 /* randomjournalUITests.swift in Sources */ = {isa = PBXBuildFile; fileRef = 007DDCAC2140575E00047CE4 /* randomjournalUITests.swift */; };
		007DDCBB2140881500047CE4 /* rjAddMomentViewController.swift in Sources */ = {isa = PBXBuildFile; fileRef = 007DDCBA2140881500047CE4 /* rjAddMomentViewController.swift */; };
		007DDCC62141822800047CE4 /* rjMoment.swift in Sources */ = {isa = PBXBuildFile; fileRef = 007DDCC52141822800047CE4 /* rjMoment.swift */; };
		007DDCC92141853700047CE4 /* rjMomentMgr.swift in Sources */ = {isa = PBXBuildFile; fileRef = 007DDCC82141853700047CE4 /* rjMomentMgr.swift */; };
		007DDCCC2141934700047CE4 /* rjMomentMgrTest.swift in Sources */ = {isa = PBXBuildFile; fileRef = 007DDCCB2141934700047CE4 /* rjMomentMgrTest.swift */; };
		007DDCD221419F3F00047CE4 /* rjTestCase.swift in Sources */ = {isa = PBXBuildFile; fileRef = 007DDCD021419F3F00047CE4 /* rjTestCase.swift */; };
		007DDCD52141A0E700047CE4 /* rjCommon.swift in Sources */ = {isa = PBXBuildFile; fileRef = 007DDCD42141A0E700047CE4 /* rjCommon.swift */; };
		007DDCDD2142CDCD00047CE4 /* rjMomentsTableViewController.swift in Sources */ = {isa = PBXBuildFile; fileRef = 007DDCDC2142CDCD00047CE4 /* rjMomentsTableViewController.swift */; };
		007DDCE12142D03B00047CE4 /* rjMomentTableViewCell.swift in Sources */ = {isa = PBXBuildFile; fileRef = 007DDCDF2142D03B00047CE4 /* rjMomentTableViewCell.swift */; };
		007DDCE22142D03B00047CE4 /* rjMomentTableViewCell.xib in Resources */ = {isa = PBXBuildFile; fileRef = 007DDCE02142D03B00047CE4 /* rjMomentTableViewCell.xib */; };
		007DDCE521441FD000047CE4 /* rjReminderScheduler.swift in Sources */ = {isa = PBXBuildFile; fileRef = 007DDCE421441FD000047CE4 /* rjReminderScheduler.swift */; };
		007DDCED21442AD900047CE4 /* rjSettingsTableViewController.swift in Sources */ = {isa = PBXBuildFile; fileRef = 007DDCEC21442AD900047CE4 /* rjSettingsTableViewController.swift */; };
		007DDCEF2144339F00047CE4 /* rjAppSettings.swift in Sources */ = {isa = PBXBuildFile; fileRef = 007DDCEE2144339F00047CE4 /* rjAppSettings.swift */; };
		007DDCF12144379800047CE4 /* rjReminder.swift in Sources */ = {isa = PBXBuildFile; fileRef = 007DDCF02144379800047CE4 /* rjReminder.swift */; };
		007DDCF32144961300047CE4 /* UserNotifications.framework in Frameworks */ = {isa = PBXBuildFile; fileRef = 007DDCF22144961300047CE4 /* UserNotifications.framework */; };
		007DDCF521514F5100047CE4 /* rjSettingsButtonTableViewCell.swift in Sources */ = {isa = PBXBuildFile; fileRef = 007DDCF421514F5100047CE4 /* rjSettingsButtonTableViewCell.swift */; };
		007DDCF721516C3000047CE4 /* rjReminderNotificationCenterDelegate.swift in Sources */ = {isa = PBXBuildFile; fileRef = 007DDCF621516C3000047CE4 /* rjReminderNotificationCenterDelegate.swift */; };
		007DDCF9215FBB2000047CE4 /* rjLaunchScreen.storyboard in Resources */ = {isa = PBXBuildFile; fileRef = 007DDCF8215FBB1E00047CE4 /* rjLaunchScreen.storyboard */; };
		007DDD002162AE9300047CE4 /* rjTabBarController.swift in Sources */ = {isa = PBXBuildFile; fileRef = 007DDCFF2162AE9300047CE4 /* rjTabBarController.swift */; };
		007DDD022162B1BA00047CE4 /* rjTutorialViewController.swift in Sources */ = {isa = PBXBuildFile; fileRef = 007DDD012162B1BA00047CE4 /* rjTutorialViewController.swift */; };
		007DDD042162C05F00047CE4 /* rjTutorialFinishViewController.swift in Sources */ = {isa = PBXBuildFile; fileRef = 007DDD032162C05F00047CE4 /* rjTutorialFinishViewController.swift */; };
		007DDD442163C20200047CE4 /* rjViewMomentDetailsTableViewCell.swift in Sources */ = {isa = PBXBuildFile; fileRef = 007DDD432163C20200047CE4 /* rjViewMomentDetailsTableViewCell.swift */; };
		007DDD482163C6FF00047CE4 /* rjViewMomentTableViewController.swift in Sources */ = {isa = PBXBuildFile; fileRef = 007DDD472163C6FF00047CE4 /* rjViewMomentTableViewController.swift */; };
		007DDD4F2163DF0A00047CE4 /* rjCommonTitleTableViewCell.swift in Sources */ = {isa = PBXBuildFile; fileRef = 007DDD4D2163DF0A00047CE4 /* rjCommonTitleTableViewCell.swift */; };
		007DDD502163DF0A00047CE4 /* rjCommonTitleTableViewCell.xib in Resources */ = {isa = PBXBuildFile; fileRef = 007DDD4E2163DF0A00047CE4 /* rjCommonTitleTableViewCell.xib */; };
		007DDD532166551A00047CE4 /* rjCommonButtonTableViewCell.swift in Sources */ = {isa = PBXBuildFile; fileRef = 007DDD512166551A00047CE4 /* rjCommonButtonTableViewCell.swift */; };
		007DDD542166551A00047CE4 /* rjCommonButtonTableViewCell.xib in Resources */ = {isa = PBXBuildFile; fileRef = 007DDD522166551A00047CE4 /* rjCommonButtonTableViewCell.xib */; };
		007DDD56216E7BCA00047CE4 /* rjReminderSchedulerTest.swift in Sources */ = {isa = PBXBuildFile; fileRef = 007DDD55216E7BC900047CE4 /* rjReminderSchedulerTest.swift */; };
		007DDD58216E7C1B00047CE4 /* rjCommonTest.swift in Sources */ = {isa = PBXBuildFile; fileRef = 007DDD57216E7C1B00047CE4 /* rjCommonTest.swift */; };
		007DDD5A2174E3E000047CE4 /* rjReminderMgr.swift in Sources */ = {isa = PBXBuildFile; fileRef = 007DDD592174E3E000047CE4 /* rjReminderMgr.swift */; };
		00DB083921A608D600A1CA1F /* rjTimeTableViewCell.swift in Sources */ = {isa = PBXBuildFile; fileRef = 00DB083821A608D600A1CA1F /* rjTimeTableViewCell.swift */; };
		00DB083B21A608ED00A1CA1F /* rjTimeSelectTableViewCell.swift in Sources */ = {isa = PBXBuildFile; fileRef = 00DB083A21A608ED00A1CA1F /* rjTimeSelectTableViewCell.swift */; };
		00DB084221A7038900A1CA1F /* rjCellViewModel.swift in Sources */ = {isa = PBXBuildFile; fileRef = 00DB084121A7038900A1CA1F /* rjCellViewModel.swift */; };
		00DB084721A7068300A1CA1F /* rjCellConfigurable.swift in Sources */ = {isa = PBXBuildFile; fileRef = 00DB084621A7068300A1CA1F /* rjCellConfigurable.swift */; };
		00DB084921A707AE00A1CA1F /* rjCellViewModelPressable.swift in Sources */ = {isa = PBXBuildFile; fileRef = 00DB084821A707AE00A1CA1F /* rjCellViewModelPressable.swift */; };
		00DB084B21A70B5D00A1CA1F /* rjTimeSelectCellViewModel.swift in Sources */ = {isa = PBXBuildFile; fileRef = 00DB084A21A70B5D00A1CA1F /* rjTimeSelectCellViewModel.swift */; };
		00DB084D21A71B5400A1CA1F /* rjTimeCellViewModel.swift in Sources */ = {isa = PBXBuildFile; fileRef = 00DB084C21A71B5400A1CA1F /* rjTimeCellViewModel.swift */; };
		00DB084F21A71E8500A1CA1F /* rjReminderStatusCellViewModel.swift in Sources */ = {isa = PBXBuildFile; fileRef = 00DB084E21A71E8500A1CA1F /* rjReminderStatusCellViewModel.swift */; };
		00DB085121ADE05A00A1CA1F /* rjReminderSettingsViewModel.swift in Sources */ = {isa = PBXBuildFile; fileRef = 00DB085021ADE05A00A1CA1F /* rjReminderSettingsViewModel.swift */; };
		00DB085F21B5BC6F00A1CA1F /* rjIdentifiableComponent.swift in Sources */ = {isa = PBXBuildFile; fileRef = 00DB085D21B5BC6F00A1CA1F /* rjIdentifiableComponent.swift */; };
		00DB086021B5BC6F00A1CA1F /* rjIdentifiable.swift in Sources */ = {isa = PBXBuildFile; fileRef = 00DB085E21B5BC6F00A1CA1F /* rjIdentifiable.swift */; };
		00DB086421B5C7DE00A1CA1F /* rjSettingsViewModel.swift in Sources */ = {isa = PBXBuildFile; fileRef = 00DB086321B5C7DE00A1CA1F /* rjSettingsViewModel.swift */; };
		00DB086621B5C82600A1CA1F /* rjCommonButtonCellViewModel.swift in Sources */ = {isa = PBXBuildFile; fileRef = 00DB086521B5C82600A1CA1F /* rjCommonButtonCellViewModel.swift */; };
		00DB086821B5C95000A1CA1F /* rjCommonTitleCellViewModel.swift in Sources */ = {isa = PBXBuildFile; fileRef = 00DB086721B5C95000A1CA1F /* rjCommonTitleCellViewModel.swift */; };
		00DB086A21B5F27200A1CA1F /* rjCSVExportViewModel.swift in Sources */ = {isa = PBXBuildFile; fileRef = 00DB086921B5F27200A1CA1F /* rjCSVExportViewModel.swift */; };
		00E5C319217A27A700A2FE33 /* rjMomentExporter.swift in Sources */ = {isa = PBXBuildFile; fileRef = 00E5C318217A27A700A2FE33 /* rjMomentExporter.swift */; };
		00E5C31B217A27CE00A2FE33 /* rjMomentImporter.swift in Sources */ = {isa = PBXBuildFile; fileRef = 00E5C31A217A27CE00A2FE33 /* rjMomentImporter.swift */; };
		00E5C31D217A3B4900A2FE33 /* rjMomentExportImportTest.swift in Sources */ = {isa = PBXBuildFile; fileRef = 00E5C31C217A3B4900A2FE33 /* rjMomentExportImportTest.swift */; };
		00E5C320217A3C2E00A2FE33 /* rjExportFileFormat.swift in Sources */ = {isa = PBXBuildFile; fileRef = 00E5C31F217A3C2E00A2FE33 /* rjExportFileFormat.swift */; };
		00E5C322217A3D5F00A2FE33 /* rjMomentExporterTest.swift in Sources */ = {isa = PBXBuildFile; fileRef = 00E5C321217A3D5F00A2FE33 /* rjMomentExporterTest.swift */; };
		00E5C324217A480B00A2FE33 /* rjMomentImporterTest.swift in Sources */ = {isa = PBXBuildFile; fileRef = 00E5C323217A480B00A2FE33 /* rjMomentImporterTest.swift */; };
		00E5C327217B6FA100A2FE33 /* rjMomentPageViewController.swift in Sources */ = {isa = PBXBuildFile; fileRef = 00E5C326217B6FA100A2FE33 /* rjMomentPageViewController.swift */; };
		00E5C329217BBF3700A2FE33 /* rjViewMomentOptionsViewController.swift in Sources */ = {isa = PBXBuildFile; fileRef = 00E5C328217BBF3700A2FE33 /* rjViewMomentOptionsViewController.swift */; };
		00E5C32B217E414800A2FE33 /* rjTipsMgr.swift in Sources */ = {isa = PBXBuildFile; fileRef = 00E5C32A217E414800A2FE33 /* rjTipsMgr.swift */; };
		00E5C32F217E4C4800A2FE33 /* rjTipCollectionViewCell.swift in Sources */ = {isa = PBXBuildFile; fileRef = 00E5C32E217E4C4800A2FE33 /* rjTipCollectionViewCell.swift */; };
		00E5C33B2188DA3C00A2FE33 /* rjReminderSettingsTableViewController.swift in Sources */ = {isa = PBXBuildFile; fileRef = 00E5C33A2188DA3C00A2FE33 /* rjReminderSettingsTableViewController.swift */; };
		00E5C33E2188E0AC00A2FE33 /* rjReminderStatusTableViewCell.swift in Sources */ = {isa = PBXBuildFile; fileRef = 00E5C33D2188E0AC00A2FE33 /* rjReminderStatusTableViewCell.swift */; };
		77D3FD35EBDF767F9EF39AEE /* Pods_randomjournal.framework in Frameworks */ = {isa = PBXBuildFile; fileRef = 1C34237475C0AA9736C4053D /* Pods_randomjournal.framework */; };
		EFF606198ED2744C58386FB3 /* Pods_randomjournalTests.framework in Frameworks */ = {isa = PBXBuildFile; fileRef = 1BB45ACC0E1C8EF6DA8154FD /* Pods_randomjournalTests.framework */; };
		FCA817EDCCE9B436C3188D26 /* Pods_randomjournalUITests.framework in Frameworks */ = {isa = PBXBuildFile; fileRef = 5F16AF06EA917F17B7D97316 /* Pods_randomjournalUITests.framework */; };
/* End PBXBuildFile section */

/* Begin PBXContainerItemProxy section */
		007DDC9E2140575E00047CE4 /* PBXContainerItemProxy */ = {
			isa = PBXContainerItemProxy;
			containerPortal = 007DDC812140575800047CE4 /* Project object */;
			proxyType = 1;
			remoteGlobalIDString = 007DDC882140575800047CE4;
			remoteInfo = randomjournal;
		};
		007DDCA92140575E00047CE4 /* PBXContainerItemProxy */ = {
			isa = PBXContainerItemProxy;
			containerPortal = 007DDC812140575800047CE4 /* Project object */;
			proxyType = 1;
			remoteGlobalIDString = 007DDC882140575800047CE4;
			remoteInfo = randomjournal;
		};
/* End PBXContainerItemProxy section */

/* Begin PBXCopyFilesBuildPhase section */
		007DDCBF21417F3F00047CE4 /* Embed Frameworks */ = {
			isa = PBXCopyFilesBuildPhase;
			buildActionMask = 2147483647;
			dstPath = "";
			dstSubfolderSpec = 10;
			files = (
			);
			name = "Embed Frameworks";
			runOnlyForDeploymentPostprocessing = 0;
		};
/* End PBXCopyFilesBuildPhase section */

/* Begin PBXFileReference section */
		003DC3E62178EF2E006B42EF /* rjImportMomentsViewController.swift */ = {isa = PBXFileReference; lastKnownFileType = sourcecode.swift; path = rjImportMomentsViewController.swift; sourceTree = "<group>"; };
		007DDC892140575800047CE4 /* randomjournal.app */ = {isa = PBXFileReference; explicitFileType = wrapper.application; includeInIndex = 0; path = randomjournal.app; sourceTree = BUILT_PRODUCTS_DIR; };
		007DDC8C2140575800047CE4 /* rjAppDelegate.swift */ = {isa = PBXFileReference; lastKnownFileType = sourcecode.swift; path = rjAppDelegate.swift; sourceTree = "<group>"; };
		007DDC912140575800047CE4 /* Base */ = {isa = PBXFileReference; lastKnownFileType = file.storyboard; name = Base; path = Base.lproj/Main.storyboard; sourceTree = "<group>"; };
		007DDC932140575E00047CE4 /* Assets.xcassets */ = {isa = PBXFileReference; lastKnownFileType = folder.assetcatalog; path = Assets.xcassets; sourceTree = "<group>"; };
		007DDC982140575E00047CE4 /* Info.plist */ = {isa = PBXFileReference; lastKnownFileType = text.plist.xml; path = Info.plist; sourceTree = "<group>"; };
		007DDC9D2140575E00047CE4 /* randomjournalTests.xctest */ = {isa = PBXFileReference; explicitFileType = wrapper.cfbundle; includeInIndex = 0; path = randomjournalTests.xctest; sourceTree = BUILT_PRODUCTS_DIR; };
		007DDCA32140575E00047CE4 /* Info.plist */ = {isa = PBXFileReference; lastKnownFileType = text.plist.xml; path = Info.plist; sourceTree = "<group>"; };
		007DDCA82140575E00047CE4 /* randomjournalUITests.xctest */ = {isa = PBXFileReference; explicitFileType = wrapper.cfbundle; includeInIndex = 0; path = randomjournalUITests.xctest; sourceTree = BUILT_PRODUCTS_DIR; };
		007DDCAC2140575E00047CE4 /* randomjournalUITests.swift */ = {isa = PBXFileReference; lastKnownFileType = sourcecode.swift; path = randomjournalUITests.swift; sourceTree = "<group>"; };
		007DDCAE2140575E00047CE4 /* Info.plist */ = {isa = PBXFileReference; lastKnownFileType = text.plist.xml; path = Info.plist; sourceTree = "<group>"; };
		007DDCBA2140881500047CE4 /* rjAddMomentViewController.swift */ = {isa = PBXFileReference; lastKnownFileType = sourcecode.swift; path = rjAddMomentViewController.swift; sourceTree = "<group>"; };
		007DDCC52141822800047CE4 /* rjMoment.swift */ = {isa = PBXFileReference; lastKnownFileType = sourcecode.swift; path = rjMoment.swift; sourceTree = "<group>"; };
		007DDCC82141853700047CE4 /* rjMomentMgr.swift */ = {isa = PBXFileReference; lastKnownFileType = sourcecode.swift; path = rjMomentMgr.swift; sourceTree = "<group>"; };
		007DDCCB2141934700047CE4 /* rjMomentMgrTest.swift */ = {isa = PBXFileReference; lastKnownFileType = sourcecode.swift; path = rjMomentMgrTest.swift; sourceTree = "<group>"; };
		007DDCD021419F3F00047CE4 /* rjTestCase.swift */ = {isa = PBXFileReference; lastKnownFileType = sourcecode.swift; path = rjTestCase.swift; sourceTree = "<group>"; };
		007DDCD42141A0E700047CE4 /* rjCommon.swift */ = {isa = PBXFileReference; lastKnownFileType = sourcecode.swift; path = rjCommon.swift; sourceTree = "<group>"; };
		007DDCDC2142CDCD00047CE4 /* rjMomentsTableViewController.swift */ = {isa = PBXFileReference; lastKnownFileType = sourcecode.swift; path = rjMomentsTableViewController.swift; sourceTree = "<group>"; };
		007DDCDF2142D03B00047CE4 /* rjMomentTableViewCell.swift */ = {isa = PBXFileReference; lastKnownFileType = sourcecode.swift; path = rjMomentTableViewCell.swift; sourceTree = "<group>"; };
		007DDCE02142D03B00047CE4 /* rjMomentTableViewCell.xib */ = {isa = PBXFileReference; lastKnownFileType = file.xib; path = rjMomentTableViewCell.xib; sourceTree = "<group>"; };
		007DDCE421441FD000047CE4 /* rjReminderScheduler.swift */ = {isa = PBXFileReference; lastKnownFileType = sourcecode.swift; path = rjReminderScheduler.swift; sourceTree = "<group>"; };
		007DDCEC21442AD900047CE4 /* rjSettingsTableViewController.swift */ = {isa = PBXFileReference; lastKnownFileType = sourcecode.swift; path = rjSettingsTableViewController.swift; sourceTree = "<group>"; };
		007DDCEE2144339F00047CE4 /* rjAppSettings.swift */ = {isa = PBXFileReference; lastKnownFileType = sourcecode.swift; path = rjAppSettings.swift; sourceTree = "<group>"; };
		007DDCF02144379800047CE4 /* rjReminder.swift */ = {isa = PBXFileReference; lastKnownFileType = sourcecode.swift; path = rjReminder.swift; sourceTree = "<group>"; };
		007DDCF22144961300047CE4 /* UserNotifications.framework */ = {isa = PBXFileReference; lastKnownFileType = wrapper.framework; name = UserNotifications.framework; path = System/Library/Frameworks/UserNotifications.framework; sourceTree = SDKROOT; };
		007DDCF421514F5100047CE4 /* rjSettingsButtonTableViewCell.swift */ = {isa = PBXFileReference; lastKnownFileType = sourcecode.swift; path = rjSettingsButtonTableViewCell.swift; sourceTree = "<group>"; };
		007DDCF621516C3000047CE4 /* rjReminderNotificationCenterDelegate.swift */ = {isa = PBXFileReference; lastKnownFileType = sourcecode.swift; path = rjReminderNotificationCenterDelegate.swift; sourceTree = "<group>"; };
		007DDCF8215FBB1E00047CE4 /* rjLaunchScreen.storyboard */ = {isa = PBXFileReference; lastKnownFileType = file.storyboard; path = rjLaunchScreen.storyboard; sourceTree = "<group>"; };
		007DDCFF2162AE9300047CE4 /* rjTabBarController.swift */ = {isa = PBXFileReference; lastKnownFileType = sourcecode.swift; path = rjTabBarController.swift; sourceTree = "<group>"; };
		007DDD012162B1BA00047CE4 /* rjTutorialViewController.swift */ = {isa = PBXFileReference; lastKnownFileType = sourcecode.swift; path = rjTutorialViewController.swift; sourceTree = "<group>"; };
		007DDD032162C05F00047CE4 /* rjTutorialFinishViewController.swift */ = {isa = PBXFileReference; lastKnownFileType = sourcecode.swift; path = rjTutorialFinishViewController.swift; sourceTree = "<group>"; };
		007DDD432163C20200047CE4 /* rjViewMomentDetailsTableViewCell.swift */ = {isa = PBXFileReference; lastKnownFileType = sourcecode.swift; path = rjViewMomentDetailsTableViewCell.swift; sourceTree = "<group>"; };
		007DDD472163C6FF00047CE4 /* rjViewMomentTableViewController.swift */ = {isa = PBXFileReference; lastKnownFileType = sourcecode.swift; path = rjViewMomentTableViewController.swift; sourceTree = "<group>"; };
		007DDD4D2163DF0A00047CE4 /* rjCommonTitleTableViewCell.swift */ = {isa = PBXFileReference; lastKnownFileType = sourcecode.swift; path = rjCommonTitleTableViewCell.swift; sourceTree = "<group>"; };
		007DDD4E2163DF0A00047CE4 /* rjCommonTitleTableViewCell.xib */ = {isa = PBXFileReference; lastKnownFileType = file.xib; path = rjCommonTitleTableViewCell.xib; sourceTree = "<group>"; };
		007DDD512166551A00047CE4 /* rjCommonButtonTableViewCell.swift */ = {isa = PBXFileReference; lastKnownFileType = sourcecode.swift; path = rjCommonButtonTableViewCell.swift; sourceTree = "<group>"; };
		007DDD522166551A00047CE4 /* rjCommonButtonTableViewCell.xib */ = {isa = PBXFileReference; lastKnownFileType = file.xib; path = rjCommonButtonTableViewCell.xib; sourceTree = "<group>"; };
		007DDD55216E7BC900047CE4 /* rjReminderSchedulerTest.swift */ = {isa = PBXFileReference; lastKnownFileType = sourcecode.swift; path = rjReminderSchedulerTest.swift; sourceTree = "<group>"; };
		007DDD57216E7C1B00047CE4 /* rjCommonTest.swift */ = {isa = PBXFileReference; lastKnownFileType = sourcecode.swift; path = rjCommonTest.swift; sourceTree = "<group>"; };
		007DDD592174E3E000047CE4 /* rjReminderMgr.swift */ = {isa = PBXFileReference; lastKnownFileType = sourcecode.swift; path = rjReminderMgr.swift; sourceTree = "<group>"; };
		00DB083821A608D600A1CA1F /* rjTimeTableViewCell.swift */ = {isa = PBXFileReference; lastKnownFileType = sourcecode.swift; path = rjTimeTableViewCell.swift; sourceTree = "<group>"; };
		00DB083A21A608ED00A1CA1F /* rjTimeSelectTableViewCell.swift */ = {isa = PBXFileReference; lastKnownFileType = sourcecode.swift; path = rjTimeSelectTableViewCell.swift; sourceTree = "<group>"; };
		00DB084121A7038900A1CA1F /* rjCellViewModel.swift */ = {isa = PBXFileReference; lastKnownFileType = sourcecode.swift; path = rjCellViewModel.swift; sourceTree = "<group>"; };
		00DB084621A7068300A1CA1F /* rjCellConfigurable.swift */ = {isa = PBXFileReference; lastKnownFileType = sourcecode.swift; path = rjCellConfigurable.swift; sourceTree = "<group>"; };
		00DB084821A707AE00A1CA1F /* rjCellViewModelPressable.swift */ = {isa = PBXFileReference; lastKnownFileType = sourcecode.swift; path = rjCellViewModelPressable.swift; sourceTree = "<group>"; };
		00DB084A21A70B5D00A1CA1F /* rjTimeSelectCellViewModel.swift */ = {isa = PBXFileReference; lastKnownFileType = sourcecode.swift; path = rjTimeSelectCellViewModel.swift; sourceTree = "<group>"; };
		00DB084C21A71B5400A1CA1F /* rjTimeCellViewModel.swift */ = {isa = PBXFileReference; lastKnownFileType = sourcecode.swift; path = rjTimeCellViewModel.swift; sourceTree = "<group>"; };
		00DB084E21A71E8500A1CA1F /* rjReminderStatusCellViewModel.swift */ = {isa = PBXFileReference; lastKnownFileType = sourcecode.swift; path = rjReminderStatusCellViewModel.swift; sourceTree = "<group>"; };
		00DB085021ADE05A00A1CA1F /* rjReminderSettingsViewModel.swift */ = {isa = PBXFileReference; lastKnownFileType = sourcecode.swift; path = rjReminderSettingsViewModel.swift; sourceTree = "<group>"; };
		00DB085D21B5BC6F00A1CA1F /* rjIdentifiableComponent.swift */ = {isa = PBXFileReference; fileEncoding = 4; lastKnownFileType = sourcecode.swift; path = rjIdentifiableComponent.swift; sourceTree = "<group>"; };
		00DB085E21B5BC6F00A1CA1F /* rjIdentifiable.swift */ = {isa = PBXFileReference; fileEncoding = 4; lastKnownFileType = sourcecode.swift; path = rjIdentifiable.swift; sourceTree = "<group>"; };
		00DB086321B5C7DE00A1CA1F /* rjSettingsViewModel.swift */ = {isa = PBXFileReference; lastKnownFileType = sourcecode.swift; path = rjSettingsViewModel.swift; sourceTree = "<group>"; };
		00DB086521B5C82600A1CA1F /* rjCommonButtonCellViewModel.swift */ = {isa = PBXFileReference; lastKnownFileType = sourcecode.swift; path = rjCommonButtonCellViewModel.swift; sourceTree = "<group>"; };
		00DB086721B5C95000A1CA1F /* rjCommonTitleCellViewModel.swift */ = {isa = PBXFileReference; lastKnownFileType = sourcecode.swift; path = rjCommonTitleCellViewModel.swift; sourceTree = "<group>"; };
		00DB086921B5F27200A1CA1F /* rjCSVExportViewModel.swift */ = {isa = PBXFileReference; lastKnownFileType = sourcecode.swift; path = rjCSVExportViewModel.swift; sourceTree = "<group>"; };
		00E5C318217A27A700A2FE33 /* rjMomentExporter.swift */ = {isa = PBXFileReference; lastKnownFileType = sourcecode.swift; path = rjMomentExporter.swift; sourceTree = "<group>"; };
		00E5C31A217A27CE00A2FE33 /* rjMomentImporter.swift */ = {isa = PBXFileReference; lastKnownFileType = sourcecode.swift; path = rjMomentImporter.swift; sourceTree = "<group>"; };
		00E5C31C217A3B4900A2FE33 /* rjMomentExportImportTest.swift */ = {isa = PBXFileReference; lastKnownFileType = sourcecode.swift; path = rjMomentExportImportTest.swift; sourceTree = "<group>"; };
		00E5C31F217A3C2E00A2FE33 /* rjExportFileFormat.swift */ = {isa = PBXFileReference; lastKnownFileType = sourcecode.swift; path = rjExportFileFormat.swift; sourceTree = "<group>"; };
		00E5C321217A3D5F00A2FE33 /* rjMomentExporterTest.swift */ = {isa = PBXFileReference; lastKnownFileType = sourcecode.swift; path = rjMomentExporterTest.swift; sourceTree = "<group>"; };
		00E5C323217A480B00A2FE33 /* rjMomentImporterTest.swift */ = {isa = PBXFileReference; lastKnownFileType = sourcecode.swift; path = rjMomentImporterTest.swift; sourceTree = "<group>"; };
		00E5C326217B6FA100A2FE33 /* rjMomentPageViewController.swift */ = {isa = PBXFileReference; lastKnownFileType = sourcecode.swift; path = rjMomentPageViewController.swift; sourceTree = "<group>"; };
		00E5C328217BBF3700A2FE33 /* rjViewMomentOptionsViewController.swift */ = {isa = PBXFileReference; lastKnownFileType = sourcecode.swift; path = rjViewMomentOptionsViewController.swift; sourceTree = "<group>"; };
		00E5C32A217E414800A2FE33 /* rjTipsMgr.swift */ = {isa = PBXFileReference; lastKnownFileType = sourcecode.swift; path = rjTipsMgr.swift; sourceTree = "<group>"; };
		00E5C32E217E4C4800A2FE33 /* rjTipCollectionViewCell.swift */ = {isa = PBXFileReference; lastKnownFileType = sourcecode.swift; path = rjTipCollectionViewCell.swift; sourceTree = "<group>"; };
		00E5C33A2188DA3C00A2FE33 /* rjReminderSettingsTableViewController.swift */ = {isa = PBXFileReference; lastKnownFileType = sourcecode.swift; path = rjReminderSettingsTableViewController.swift; sourceTree = "<group>"; };
		00E5C33D2188E0AC00A2FE33 /* rjReminderStatusTableViewCell.swift */ = {isa = PBXFileReference; lastKnownFileType = sourcecode.swift; path = rjReminderStatusTableViewCell.swift; sourceTree = "<group>"; };
		0E5289EA7B6730CADC459C6E /* Pods-randomjournal.release.xcconfig */ = {isa = PBXFileReference; includeInIndex = 1; lastKnownFileType = text.xcconfig; name = "Pods-randomjournal.release.xcconfig"; path = "Pods/Target Support Files/Pods-randomjournal/Pods-randomjournal.release.xcconfig"; sourceTree = "<group>"; };
		1BB45ACC0E1C8EF6DA8154FD /* Pods_randomjournalTests.framework */ = {isa = PBXFileReference; explicitFileType = wrapper.framework; includeInIndex = 0; path = Pods_randomjournalTests.framework; sourceTree = BUILT_PRODUCTS_DIR; };
		1C34237475C0AA9736C4053D /* Pods_randomjournal.framework */ = {isa = PBXFileReference; explicitFileType = wrapper.framework; includeInIndex = 0; path = Pods_randomjournal.framework; sourceTree = BUILT_PRODUCTS_DIR; };
		5F16AF06EA917F17B7D97316 /* Pods_randomjournalUITests.framework */ = {isa = PBXFileReference; explicitFileType = wrapper.framework; includeInIndex = 0; path = Pods_randomjournalUITests.framework; sourceTree = BUILT_PRODUCTS_DIR; };
		7050C6F3FBDD903D70508D19 /* Pods-randomjournal.debug.xcconfig */ = {isa = PBXFileReference; includeInIndex = 1; lastKnownFileType = text.xcconfig; name = "Pods-randomjournal.debug.xcconfig"; path = "Pods/Target Support Files/Pods-randomjournal/Pods-randomjournal.debug.xcconfig"; sourceTree = "<group>"; };
		7F9D588D4AEE28B7D7174C8F /* Pods-randomjournalUITests.debug.xcconfig */ = {isa = PBXFileReference; includeInIndex = 1; lastKnownFileType = text.xcconfig; name = "Pods-randomjournalUITests.debug.xcconfig"; path = "Pods/Target Support Files/Pods-randomjournalUITests/Pods-randomjournalUITests.debug.xcconfig"; sourceTree = "<group>"; };
		8EE6DFE21BC09CFF720C8324 /* Pods-randomjournalTests.debug.xcconfig */ = {isa = PBXFileReference; includeInIndex = 1; lastKnownFileType = text.xcconfig; name = "Pods-randomjournalTests.debug.xcconfig"; path = "Pods/Target Support Files/Pods-randomjournalTests/Pods-randomjournalTests.debug.xcconfig"; sourceTree = "<group>"; };
		9ECD9BCDF90388068EACB3E0 /* Pods-randomjournalUITests.release.xcconfig */ = {isa = PBXFileReference; includeInIndex = 1; lastKnownFileType = text.xcconfig; name = "Pods-randomjournalUITests.release.xcconfig"; path = "Pods/Target Support Files/Pods-randomjournalUITests/Pods-randomjournalUITests.release.xcconfig"; sourceTree = "<group>"; };
		A57AF8EA0B1A6F1986D79D6A /* Pods-randomjournalTests.release.xcconfig */ = {isa = PBXFileReference; includeInIndex = 1; lastKnownFileType = text.xcconfig; name = "Pods-randomjournalTests.release.xcconfig"; path = "Pods/Target Support Files/Pods-randomjournalTests/Pods-randomjournalTests.release.xcconfig"; sourceTree = "<group>"; };
/* End PBXFileReference section */

/* Begin PBXFrameworksBuildPhase section */
		007DDC862140575800047CE4 /* Frameworks */ = {
			isa = PBXFrameworksBuildPhase;
			buildActionMask = 2147483647;
			files = (
				007DDCF32144961300047CE4 /* UserNotifications.framework in Frameworks */,
				77D3FD35EBDF767F9EF39AEE /* Pods_randomjournal.framework in Frameworks */,
			);
			runOnlyForDeploymentPostprocessing = 0;
		};
		007DDC9A2140575E00047CE4 /* Frameworks */ = {
			isa = PBXFrameworksBuildPhase;
			buildActionMask = 2147483647;
			files = (
				EFF606198ED2744C58386FB3 /* Pods_randomjournalTests.framework in Frameworks */,
			);
			runOnlyForDeploymentPostprocessing = 0;
		};
		007DDCA52140575E00047CE4 /* Frameworks */ = {
			isa = PBXFrameworksBuildPhase;
			buildActionMask = 2147483647;
			files = (
				FCA817EDCCE9B436C3188D26 /* Pods_randomjournalUITests.framework in Frameworks */,
			);
			runOnlyForDeploymentPostprocessing = 0;
		};
/* End PBXFrameworksBuildPhase section */

/* Begin PBXGroup section */
		007DDC802140575800047CE4 = {
			isa = PBXGroup;
			children = (
				007DDC8B2140575800047CE4 /* randomjournal */,
				007DDCA02140575E00047CE4 /* randomjournalTests */,
				007DDCAB2140575E00047CE4 /* randomjournalUITests */,
				007DDC8A2140575800047CE4 /* Products */,
				007DDCCD21419E5400047CE4 /* Frameworks */,
				F021F5BAB467037D1AD80A0C /* Pods */,
			);
			sourceTree = "<group>";
		};
		007DDC8A2140575800047CE4 /* Products */ = {
			isa = PBXGroup;
			children = (
				007DDC892140575800047CE4 /* randomjournal.app */,
				007DDC9D2140575E00047CE4 /* randomjournalTests.xctest */,
				007DDCA82140575E00047CE4 /* randomjournalUITests.xctest */,
			);
			name = Products;
			sourceTree = "<group>";
		};
		007DDC8B2140575800047CE4 /* randomjournal */ = {
			isa = PBXGroup;
			children = (
				007DDCFA2162990E00047CE4 /* tutorial */,
				007DDCDA2142CCF800047CE4 /* explore */,
				007DDCDB2142CD1700047CE4 /* capture */,
				007DDCE321441F2200047CE4 /* settings */,
				007DDD492163DE1B00047CE4 /* common */,
				007DDCD32141A0C300047CE4 /* core */,
				007DDCC4214180A300047CE4 /* data */,
				00E5C31E217A3BE900A2FE33 /* export */,
				007DDC8C2140575800047CE4 /* rjAppDelegate.swift */,
				007DDC902140575800047CE4 /* Main.storyboard */,
				007DDC932140575E00047CE4 /* Assets.xcassets */,
				007DDCF8215FBB1E00047CE4 /* rjLaunchScreen.storyboard */,
				007DDC982140575E00047CE4 /* Info.plist */,
				007DDCFF2162AE9300047CE4 /* rjTabBarController.swift */,
			);
			path = randomjournal;
			sourceTree = "<group>";
		};
		007DDCA02140575E00047CE4 /* randomjournalTests */ = {
			isa = PBXGroup;
			children = (
				007DDCA32140575E00047CE4 /* Info.plist */,
				007DDCCB2141934700047CE4 /* rjMomentMgrTest.swift */,
				007DDCD021419F3F00047CE4 /* rjTestCase.swift */,
				007DDD55216E7BC900047CE4 /* rjReminderSchedulerTest.swift */,
				007DDD57216E7C1B00047CE4 /* rjCommonTest.swift */,
				00E5C31C217A3B4900A2FE33 /* rjMomentExportImportTest.swift */,
				00E5C321217A3D5F00A2FE33 /* rjMomentExporterTest.swift */,
				00E5C323217A480B00A2FE33 /* rjMomentImporterTest.swift */,
			);
			path = randomjournalTests;
			sourceTree = "<group>";
		};
		007DDCAB2140575E00047CE4 /* randomjournalUITests */ = {
			isa = PBXGroup;
			children = (
				007DDCAC2140575E00047CE4 /* randomjournalUITests.swift */,
				007DDCAE2140575E00047CE4 /* Info.plist */,
			);
			path = randomjournalUITests;
			sourceTree = "<group>";
		};
		007DDCC4214180A300047CE4 /* data */ = {
			isa = PBXGroup;
			children = (
				007DDCC52141822800047CE4 /* rjMoment.swift */,
				007DDCC82141853700047CE4 /* rjMomentMgr.swift */,
				007DDCF02144379800047CE4 /* rjReminder.swift */,
				007DDD592174E3E000047CE4 /* rjReminderMgr.swift */,
				00E5C32A217E414800A2FE33 /* rjTipsMgr.swift */,
			);
			path = data;
			sourceTree = "<group>";
		};
		007DDCCD21419E5400047CE4 /* Frameworks */ = {
			isa = PBXGroup;
			children = (
				007DDCF22144961300047CE4 /* UserNotifications.framework */,
				1C34237475C0AA9736C4053D /* Pods_randomjournal.framework */,
				1BB45ACC0E1C8EF6DA8154FD /* Pods_randomjournalTests.framework */,
				5F16AF06EA917F17B7D97316 /* Pods_randomjournalUITests.framework */,
			);
			name = Frameworks;
			sourceTree = "<group>";
		};
		007DDCD32141A0C300047CE4 /* core */ = {
			isa = PBXGroup;
			children = (
				007DDCE421441FD000047CE4 /* rjReminderScheduler.swift */,
				007DDCEE2144339F00047CE4 /* rjAppSettings.swift */,
				007DDCF621516C3000047CE4 /* rjReminderNotificationCenterDelegate.swift */,
				00DB085E21B5BC6F00A1CA1F /* rjIdentifiable.swift */,
				00DB085D21B5BC6F00A1CA1F /* rjIdentifiableComponent.swift */,
			);
			path = core;
			sourceTree = "<group>";
		};
		007DDCDA2142CCF800047CE4 /* explore */ = {
			isa = PBXGroup;
			children = (
				007DDCDC2142CDCD00047CE4 /* rjMomentsTableViewController.swift */,
				007DDCDF2142D03B00047CE4 /* rjMomentTableViewCell.swift */,
				007DDCE02142D03B00047CE4 /* rjMomentTableViewCell.xib */,
				007DDD432163C20200047CE4 /* rjViewMomentDetailsTableViewCell.swift */,
				007DDD472163C6FF00047CE4 /* rjViewMomentTableViewController.swift */,
				00E5C326217B6FA100A2FE33 /* rjMomentPageViewController.swift */,
				00E5C328217BBF3700A2FE33 /* rjViewMomentOptionsViewController.swift */,
			);
			path = explore;
			sourceTree = "<group>";
		};
		007DDCDB2142CD1700047CE4 /* capture */ = {
			isa = PBXGroup;
			children = (
				007DDCBA2140881500047CE4 /* rjAddMomentViewController.swift */,
				00E5C32E217E4C4800A2FE33 /* rjTipCollectionViewCell.swift */,
			);
			path = capture;
			sourceTree = "<group>";
		};
		007DDCE321441F2200047CE4 /* settings */ = {
			isa = PBXGroup;
			children = (
				00DB086121B5C68000A1CA1F /* main */,
				00DB085C21B5BB6B00A1CA1F /* reminder */,
				003DC3E62178EF2E006B42EF /* rjImportMomentsViewController.swift */,
			);
			path = settings;
			sourceTree = "<group>";
		};
		007DDCFA2162990E00047CE4 /* tutorial */ = {
			isa = PBXGroup;
			children = (
				007DDD012162B1BA00047CE4 /* rjTutorialViewController.swift */,
				007DDD032162C05F00047CE4 /* rjTutorialFinishViewController.swift */,
			);
			path = tutorial;
			sourceTree = "<group>";
		};
		007DDD492163DE1B00047CE4 /* common */ = {
			isa = PBXGroup;
			children = (
				00DB085521AEF6A700A1CA1F /* cells */,
				00DB085421AEF66500A1CA1F /* viewmodels */,
				007DDCD42141A0E700047CE4 /* rjCommon.swift */,
			);
			path = common;
			sourceTree = "<group>";
		};
		00DB084321A7055B00A1CA1F /* viewmodels */ = {
			isa = PBXGroup;
			children = (
				00DB084A21A70B5D00A1CA1F /* rjTimeSelectCellViewModel.swift */,
				00DB084C21A71B5400A1CA1F /* rjTimeCellViewModel.swift */,
				00DB084E21A71E8500A1CA1F /* rjReminderStatusCellViewModel.swift */,
				00DB085021ADE05A00A1CA1F /* rjReminderSettingsViewModel.swift */,
			);
			path = viewmodels;
			sourceTree = "<group>";
		};
		00DB085421AEF66500A1CA1F /* viewmodels */ = {
			isa = PBXGroup;
			children = (
				00DB084121A7038900A1CA1F /* rjCellViewModel.swift */,
				00DB086521B5C82600A1CA1F /* rjCommonButtonCellViewModel.swift */,
				00DB086721B5C95000A1CA1F /* rjCommonTitleCellViewModel.swift */,
			);
			path = viewmodels;
			sourceTree = "<group>";
		};
		00DB085521AEF6A700A1CA1F /* cells */ = {
			isa = PBXGroup;
			children = (
				00DB084821A707AE00A1CA1F /* rjCellViewModelPressable.swift */,
				00DB084621A7068300A1CA1F /* rjCellConfigurable.swift */,
				007DDD4D2163DF0A00047CE4 /* rjCommonTitleTableViewCell.swift */,
				007DDD4E2163DF0A00047CE4 /* rjCommonTitleTableViewCell.xib */,
				007DDD512166551A00047CE4 /* rjCommonButtonTableViewCell.swift */,
				007DDD522166551A00047CE4 /* rjCommonButtonTableViewCell.xib */,
			);
			path = cells;
			sourceTree = "<group>";
		};
		00DB085C21B5BB6B00A1CA1F /* reminder */ = {
			isa = PBXGroup;
			children = (
				00E5C33C2188E07A00A2FE33 /* tablecells */,
				00DB084321A7055B00A1CA1F /* viewmodels */,
				00E5C33A2188DA3C00A2FE33 /* rjReminderSettingsTableViewController.swift */,
			);
			path = reminder;
			sourceTree = "<group>";
		};
		00DB086121B5C68000A1CA1F /* main */ = {
			isa = PBXGroup;
			children = (
				00DB086221B5C70A00A1CA1F /* viewmodels */,
				007DDCEC21442AD900047CE4 /* rjSettingsTableViewController.swift */,
			);
			path = main;
			sourceTree = "<group>";
		};
		00DB086221B5C70A00A1CA1F /* viewmodels */ = {
			isa = PBXGroup;
			children = (
				00DB086321B5C7DE00A1CA1F /* rjSettingsViewModel.swift */,
				00DB086921B5F27200A1CA1F /* rjCSVExportViewModel.swift */,
			);
			path = viewmodels;
			sourceTree = "<group>";
		};
		00E5C31E217A3BE900A2FE33 /* export */ = {
			isa = PBXGroup;
			children = (
				00E5C318217A27A700A2FE33 /* rjMomentExporter.swift */,
				00E5C31A217A27CE00A2FE33 /* rjMomentImporter.swift */,
				00E5C31F217A3C2E00A2FE33 /* rjExportFileFormat.swift */,
			);
			path = export;
			sourceTree = "<group>";
		};
		00E5C33C2188E07A00A2FE33 /* tablecells */ = {
			isa = PBXGroup;
			children = (
				007DDCF421514F5100047CE4 /* rjSettingsButtonTableViewCell.swift */,
				00E5C33D2188E0AC00A2FE33 /* rjReminderStatusTableViewCell.swift */,
				00DB083821A608D600A1CA1F /* rjTimeTableViewCell.swift */,
				00DB083A21A608ED00A1CA1F /* rjTimeSelectTableViewCell.swift */,
			);
			path = tablecells;
			sourceTree = "<group>";
		};
		F021F5BAB467037D1AD80A0C /* Pods */ = {
			isa = PBXGroup;
			children = (
				7050C6F3FBDD903D70508D19 /* Pods-randomjournal.debug.xcconfig */,
				0E5289EA7B6730CADC459C6E /* Pods-randomjournal.release.xcconfig */,
				8EE6DFE21BC09CFF720C8324 /* Pods-randomjournalTests.debug.xcconfig */,
				A57AF8EA0B1A6F1986D79D6A /* Pods-randomjournalTests.release.xcconfig */,
				7F9D588D4AEE28B7D7174C8F /* Pods-randomjournalUITests.debug.xcconfig */,
				9ECD9BCDF90388068EACB3E0 /* Pods-randomjournalUITests.release.xcconfig */,
			);
			name = Pods;
			sourceTree = "<group>";
		};
/* End PBXGroup section */

/* Begin PBXNativeTarget section */
		007DDC882140575800047CE4 /* randomjournal */ = {
			isa = PBXNativeTarget;
			buildConfigurationList = 007DDCB12140575E00047CE4 /* Build configuration list for PBXNativeTarget "randomjournal" */;
			buildPhases = (
				D162982DE78DE936DA072C4E /* [CP] Check Pods Manifest.lock */,
				007DDC852140575800047CE4 /* Sources */,
				007DDC862140575800047CE4 /* Frameworks */,
				007DDC872140575800047CE4 /* Resources */,
				007DDCBF21417F3F00047CE4 /* Embed Frameworks */,
				D99D6A9EABB0822297723AAF /* [CP] Embed Pods Frameworks */,
			);
			buildRules = (
			);
			dependencies = (
			);
			name = randomjournal;
			productName = randomjournal;
			productReference = 007DDC892140575800047CE4 /* randomjournal.app */;
			productType = "com.apple.product-type.application";
		};
		007DDC9C2140575E00047CE4 /* randomjournalTests */ = {
			isa = PBXNativeTarget;
			buildConfigurationList = 007DDCB42140575E00047CE4 /* Build configuration list for PBXNativeTarget "randomjournalTests" */;
			buildPhases = (
				722A008AB222135293636A83 /* [CP] Check Pods Manifest.lock */,
				007DDC992140575E00047CE4 /* Sources */,
				007DDC9A2140575E00047CE4 /* Frameworks */,
				007DDC9B2140575E00047CE4 /* Resources */,
				F5EE62638BF54868B132E5E2 /* [CP] Embed Pods Frameworks */,
			);
			buildRules = (
			);
			dependencies = (
				007DDC9F2140575E00047CE4 /* PBXTargetDependency */,
			);
			name = randomjournalTests;
			productName = randomjournalTests;
			productReference = 007DDC9D2140575E00047CE4 /* randomjournalTests.xctest */;
			productType = "com.apple.product-type.bundle.unit-test";
		};
		007DDCA72140575E00047CE4 /* randomjournalUITests */ = {
			isa = PBXNativeTarget;
			buildConfigurationList = 007DDCB72140575E00047CE4 /* Build configuration list for PBXNativeTarget "randomjournalUITests" */;
			buildPhases = (
				DEC9C4CE7DCA047FACE69295 /* [CP] Check Pods Manifest.lock */,
				007DDCA42140575E00047CE4 /* Sources */,
				007DDCA52140575E00047CE4 /* Frameworks */,
				007DDCA62140575E00047CE4 /* Resources */,
			);
			buildRules = (
			);
			dependencies = (
				007DDCAA2140575E00047CE4 /* PBXTargetDependency */,
			);
			name = randomjournalUITests;
			productName = randomjournalUITests;
			productReference = 007DDCA82140575E00047CE4 /* randomjournalUITests.xctest */;
			productType = "com.apple.product-type.bundle.ui-testing";
		};
/* End PBXNativeTarget section */

/* Begin PBXProject section */
		007DDC812140575800047CE4 /* Project object */ = {
			isa = PBXProject;
			attributes = {
				CLASSPREFIX = rj;
				LastSwiftUpdateCheck = 0940;
				LastUpgradeCheck = 0940;
				ORGANIZATIONNAME = "Tom Plaskon";
				TargetAttributes = {
					007DDC882140575800047CE4 = {
						CreatedOnToolsVersion = 9.4.1;
					};
					007DDC9C2140575E00047CE4 = {
						CreatedOnToolsVersion = 9.4.1;
						TestTargetID = 007DDC882140575800047CE4;
					};
					007DDCA72140575E00047CE4 = {
						CreatedOnToolsVersion = 9.4.1;
						TestTargetID = 007DDC882140575800047CE4;
					};
				};
			};
			buildConfigurationList = 007DDC842140575800047CE4 /* Build configuration list for PBXProject "randomjournal" */;
			compatibilityVersion = "Xcode 9.3";
			developmentRegion = en;
			hasScannedForEncodings = 0;
			knownRegions = (
				en,
				Base,
			);
			mainGroup = 007DDC802140575800047CE4;
			productRefGroup = 007DDC8A2140575800047CE4 /* Products */;
			projectDirPath = "";
			projectRoot = "";
			targets = (
				007DDC882140575800047CE4 /* randomjournal */,
				007DDC9C2140575E00047CE4 /* randomjournalTests */,
				007DDCA72140575E00047CE4 /* randomjournalUITests */,
			);
		};
/* End PBXProject section */

/* Begin PBXResourcesBuildPhase section */
		007DDC872140575800047CE4 /* Resources */ = {
			isa = PBXResourcesBuildPhase;
			buildActionMask = 2147483647;
			files = (
				007DDD502163DF0A00047CE4 /* rjCommonTitleTableViewCell.xib in Resources */,
				007DDCE22142D03B00047CE4 /* rjMomentTableViewCell.xib in Resources */,
				007DDC942140575E00047CE4 /* Assets.xcassets in Resources */,
				007DDCF9215FBB2000047CE4 /* rjLaunchScreen.storyboard in Resources */,
				007DDD542166551A00047CE4 /* rjCommonButtonTableViewCell.xib in Resources */,
				007DDC922140575800047CE4 /* Main.storyboard in Resources */,
			);
			runOnlyForDeploymentPostprocessing = 0;
		};
		007DDC9B2140575E00047CE4 /* Resources */ = {
			isa = PBXResourcesBuildPhase;
			buildActionMask = 2147483647;
			files = (
			);
			runOnlyForDeploymentPostprocessing = 0;
		};
		007DDCA62140575E00047CE4 /* Resources */ = {
			isa = PBXResourcesBuildPhase;
			buildActionMask = 2147483647;
			files = (
			);
			runOnlyForDeploymentPostprocessing = 0;
		};
/* End PBXResourcesBuildPhase section */

/* Begin PBXShellScriptBuildPhase section */
		722A008AB222135293636A83 /* [CP] Check Pods Manifest.lock */ = {
			isa = PBXShellScriptBuildPhase;
			buildActionMask = 2147483647;
			files = (
			);
			inputPaths = (
				"${PODS_PODFILE_DIR_PATH}/Podfile.lock",
				"${PODS_ROOT}/Manifest.lock",
			);
			name = "[CP] Check Pods Manifest.lock";
			outputPaths = (
				"$(DERIVED_FILE_DIR)/Pods-randomjournalTests-checkManifestLockResult.txt",
			);
			runOnlyForDeploymentPostprocessing = 0;
			shellPath = /bin/sh;
			shellScript = "diff \"${PODS_PODFILE_DIR_PATH}/Podfile.lock\" \"${PODS_ROOT}/Manifest.lock\" > /dev/null\nif [ $? != 0 ] ; then\n    # print error to STDERR\n    echo \"error: The sandbox is not in sync with the Podfile.lock. Run 'pod install' or update your CocoaPods installation.\" >&2\n    exit 1\nfi\n# This output is used by Xcode 'outputs' to avoid re-running this script phase.\necho \"SUCCESS\" > \"${SCRIPT_OUTPUT_FILE_0}\"\n";
			showEnvVarsInLog = 0;
		};
		D162982DE78DE936DA072C4E /* [CP] Check Pods Manifest.lock */ = {
			isa = PBXShellScriptBuildPhase;
			buildActionMask = 2147483647;
			files = (
			);
			inputPaths = (
				"${PODS_PODFILE_DIR_PATH}/Podfile.lock",
				"${PODS_ROOT}/Manifest.lock",
			);
			name = "[CP] Check Pods Manifest.lock";
			outputPaths = (
				"$(DERIVED_FILE_DIR)/Pods-randomjournal-checkManifestLockResult.txt",
			);
			runOnlyForDeploymentPostprocessing = 0;
			shellPath = /bin/sh;
			shellScript = "diff \"${PODS_PODFILE_DIR_PATH}/Podfile.lock\" \"${PODS_ROOT}/Manifest.lock\" > /dev/null\nif [ $? != 0 ] ; then\n    # print error to STDERR\n    echo \"error: The sandbox is not in sync with the Podfile.lock. Run 'pod install' or update your CocoaPods installation.\" >&2\n    exit 1\nfi\n# This output is used by Xcode 'outputs' to avoid re-running this script phase.\necho \"SUCCESS\" > \"${SCRIPT_OUTPUT_FILE_0}\"\n";
			showEnvVarsInLog = 0;
		};
		D99D6A9EABB0822297723AAF /* [CP] Embed Pods Frameworks */ = {
			isa = PBXShellScriptBuildPhase;
			buildActionMask = 2147483647;
			files = (
			);
			inputPaths = (
				"${SRCROOT}/Pods/Target Support Files/Pods-randomjournal/Pods-randomjournal-frameworks.sh",
				"${BUILT_PRODUCTS_DIR}/Bond/Bond.framework",
				"${BUILT_PRODUCTS_DIR}/Differ/Differ.framework",
				"${BUILT_PRODUCTS_DIR}/ReactiveKit/ReactiveKit.framework",
				"${BUILT_PRODUCTS_DIR}/Realm/Realm.framework",
				"${BUILT_PRODUCTS_DIR}/RealmSwift/RealmSwift.framework",
			);
			name = "[CP] Embed Pods Frameworks";
			outputPaths = (
				"${TARGET_BUILD_DIR}/${FRAMEWORKS_FOLDER_PATH}/Bond.framework",
				"${TARGET_BUILD_DIR}/${FRAMEWORKS_FOLDER_PATH}/Differ.framework",
				"${TARGET_BUILD_DIR}/${FRAMEWORKS_FOLDER_PATH}/ReactiveKit.framework",
				"${TARGET_BUILD_DIR}/${FRAMEWORKS_FOLDER_PATH}/Realm.framework",
				"${TARGET_BUILD_DIR}/${FRAMEWORKS_FOLDER_PATH}/RealmSwift.framework",
			);
			runOnlyForDeploymentPostprocessing = 0;
			shellPath = /bin/sh;
			shellScript = "\"${SRCROOT}/Pods/Target Support Files/Pods-randomjournal/Pods-randomjournal-frameworks.sh\"\n";
			showEnvVarsInLog = 0;
		};
		DEC9C4CE7DCA047FACE69295 /* [CP] Check Pods Manifest.lock */ = {
			isa = PBXShellScriptBuildPhase;
			buildActionMask = 2147483647;
			files = (
			);
			inputPaths = (
				"${PODS_PODFILE_DIR_PATH}/Podfile.lock",
				"${PODS_ROOT}/Manifest.lock",
			);
			name = "[CP] Check Pods Manifest.lock";
			outputPaths = (
				"$(DERIVED_FILE_DIR)/Pods-randomjournalUITests-checkManifestLockResult.txt",
			);
			runOnlyForDeploymentPostprocessing = 0;
			shellPath = /bin/sh;
			shellScript = "diff \"${PODS_PODFILE_DIR_PATH}/Podfile.lock\" \"${PODS_ROOT}/Manifest.lock\" > /dev/null\nif [ $? != 0 ] ; then\n    # print error to STDERR\n    echo \"error: The sandbox is not in sync with the Podfile.lock. Run 'pod install' or update your CocoaPods installation.\" >&2\n    exit 1\nfi\n# This output is used by Xcode 'outputs' to avoid re-running this script phase.\necho \"SUCCESS\" > \"${SCRIPT_OUTPUT_FILE_0}\"\n";
			showEnvVarsInLog = 0;
		};
		F5EE62638BF54868B132E5E2 /* [CP] Embed Pods Frameworks */ = {
			isa = PBXShellScriptBuildPhase;
			buildActionMask = 2147483647;
			files = (
			);
			inputPaths = (
				"${SRCROOT}/Pods/Target Support Files/Pods-randomjournalTests/Pods-randomjournalTests-frameworks.sh",
				"${BUILT_PRODUCTS_DIR}/Bond/Bond.framework",
				"${BUILT_PRODUCTS_DIR}/Differ/Differ.framework",
				"${BUILT_PRODUCTS_DIR}/ReactiveKit/ReactiveKit.framework",
				"${BUILT_PRODUCTS_DIR}/Realm/Realm.framework",
				"${BUILT_PRODUCTS_DIR}/RealmSwift/RealmSwift.framework",
			);
			name = "[CP] Embed Pods Frameworks";
			outputPaths = (
				"${TARGET_BUILD_DIR}/${FRAMEWORKS_FOLDER_PATH}/Bond.framework",
				"${TARGET_BUILD_DIR}/${FRAMEWORKS_FOLDER_PATH}/Differ.framework",
				"${TARGET_BUILD_DIR}/${FRAMEWORKS_FOLDER_PATH}/ReactiveKit.framework",
				"${TARGET_BUILD_DIR}/${FRAMEWORKS_FOLDER_PATH}/Realm.framework",
				"${TARGET_BUILD_DIR}/${FRAMEWORKS_FOLDER_PATH}/RealmSwift.framework",
			);
			runOnlyForDeploymentPostprocessing = 0;
			shellPath = /bin/sh;
			shellScript = "\"${SRCROOT}/Pods/Target Support Files/Pods-randomjournalTests/Pods-randomjournalTests-frameworks.sh\"\n";
			showEnvVarsInLog = 0;
		};
/* End PBXShellScriptBuildPhase section */

/* Begin PBXSourcesBuildPhase section */
		007DDC852140575800047CE4 /* Sources */ = {
			isa = PBXSourcesBuildPhase;
			buildActionMask = 2147483647;
			files = (
				00E5C33E2188E0AC00A2FE33 /* rjReminderStatusTableViewCell.swift in Sources */,
				007DDD022162B1BA00047CE4 /* rjTutorialViewController.swift in Sources */,
				00DB084921A707AE00A1CA1F /* rjCellViewModelPressable.swift in Sources */,
				00DB083921A608D600A1CA1F /* rjTimeTableViewCell.swift in Sources */,
				007DDCEF2144339F00047CE4 /* rjAppSettings.swift in Sources */,
				00DB084D21A71B5400A1CA1F /* rjTimeCellViewModel.swift in Sources */,
				007DDD4F2163DF0A00047CE4 /* rjCommonTitleTableViewCell.swift in Sources */,
				007DDD002162AE9300047CE4 /* rjTabBarController.swift in Sources */,
				007DDCC92141853700047CE4 /* rjMomentMgr.swift in Sources */,
				00DB086A21B5F27200A1CA1F /* rjCSVExportViewModel.swift in Sources */,
				00DB086621B5C82600A1CA1F /* rjCommonButtonCellViewModel.swift in Sources */,
				007DDCC62141822800047CE4 /* rjMoment.swift in Sources */,
				007DDD442163C20200047CE4 /* rjViewMomentDetailsTableViewCell.swift in Sources */,
				00E5C319217A27A700A2FE33 /* rjMomentExporter.swift in Sources */,
				00E5C32B217E414800A2FE33 /* rjTipsMgr.swift in Sources */,
				007DDCED21442AD900047CE4 /* rjSettingsTableViewController.swift in Sources */,
				007DDD482163C6FF00047CE4 /* rjViewMomentTableViewController.swift in Sources */,
				007DDC8D2140575800047CE4 /* rjAppDelegate.swift in Sources */,
				00DB084721A7068300A1CA1F /* rjCellConfigurable.swift in Sources */,
				007DDCBB2140881500047CE4 /* rjAddMomentViewController.swift in Sources */,
				007DDCE12142D03B00047CE4 /* rjMomentTableViewCell.swift in Sources */,
				007DDD5A2174E3E000047CE4 /* rjReminderMgr.swift in Sources */,
				00E5C33B2188DA3C00A2FE33 /* rjReminderSettingsTableViewController.swift in Sources */,
				007DDCF521514F5100047CE4 /* rjSettingsButtonTableViewCell.swift in Sources */,
				007DDD042162C05F00047CE4 /* rjTutorialFinishViewController.swift in Sources */,
				007DDCE521441FD000047CE4 /* rjReminderScheduler.swift in Sources */,
				00DB084B21A70B5D00A1CA1F /* rjTimeSelectCellViewModel.swift in Sources */,
				00DB086021B5BC6F00A1CA1F /* rjIdentifiable.swift in Sources */,
				007DDCF721516C3000047CE4 /* rjReminderNotificationCenterDelegate.swift in Sources */,
				00DB085121ADE05A00A1CA1F /* rjReminderSettingsViewModel.swift in Sources */,
				007DDCF12144379800047CE4 /* rjReminder.swift in Sources */,
				00DB083B21A608ED00A1CA1F /* rjTimeSelectTableViewCell.swift in Sources */,
				00DB086421B5C7DE00A1CA1F /* rjSettingsViewModel.swift in Sources */,
				00E5C329217BBF3700A2FE33 /* rjViewMomentOptionsViewController.swift in Sources */,
				00E5C320217A3C2E00A2FE33 /* rjExportFileFormat.swift in Sources */,
				00DB086821B5C95000A1CA1F /* rjCommonTitleCellViewModel.swift in Sources */,
				00DB084F21A71E8500A1CA1F /* rjReminderStatusCellViewModel.swift in Sources */,
				00E5C32F217E4C4800A2FE33 /* rjTipCollectionViewCell.swift in Sources */,
				007DDD532166551A00047CE4 /* rjCommonButtonTableViewCell.swift in Sources */,
				003DC3E72178EF2E006B42EF /* rjImportMomentsViewController.swift in Sources */,
				007DDCD52141A0E700047CE4 /* rjCommon.swift in Sources */,
				00DB084221A7038900A1CA1F /* rjCellViewModel.swift in Sources */,
				007DDCDD2142CDCD00047CE4 /* rjMomentsTableViewController.swift in Sources */,
				00DB085F21B5BC6F00A1CA1F /* rjIdentifiableComponent.swift in Sources */,
				00E5C327217B6FA100A2FE33 /* rjMomentPageViewController.swift in Sources */,
				00E5C31B217A27CE00A2FE33 /* rjMomentImporter.swift in Sources */,
			);
			runOnlyForDeploymentPostprocessing = 0;
		};
		007DDC992140575E00047CE4 /* Sources */ = {
			isa = PBXSourcesBuildPhase;
			buildActionMask = 2147483647;
			files = (
				00E5C322217A3D5F00A2FE33 /* rjMomentExporterTest.swift in Sources */,
				007DDCCC2141934700047CE4 /* rjMomentMgrTest.swift in Sources */,
				007DDD56216E7BCA00047CE4 /* rjReminderSchedulerTest.swift in Sources */,
				00E5C324217A480B00A2FE33 /* rjMomentImporterTest.swift in Sources */,
				007DDD58216E7C1B00047CE4 /* rjCommonTest.swift in Sources */,
				00E5C31D217A3B4900A2FE33 /* rjMomentExportImportTest.swift in Sources */,
				007DDCD221419F3F00047CE4 /* rjTestCase.swift in Sources */,
			);
			runOnlyForDeploymentPostprocessing = 0;
		};
		007DDCA42140575E00047CE4 /* Sources */ = {
			isa = PBXSourcesBuildPhase;
			buildActionMask = 2147483647;
			files = (
				007DDCAD2140575E00047CE4 /* randomjournalUITests.swift in Sources */,
			);
			runOnlyForDeploymentPostprocessing = 0;
		};
/* End PBXSourcesBuildPhase section */

/* Begin PBXTargetDependency section */
		007DDC9F2140575E00047CE4 /* PBXTargetDependency */ = {
			isa = PBXTargetDependency;
			target = 007DDC882140575800047CE4 /* randomjournal */;
			targetProxy = 007DDC9E2140575E00047CE4 /* PBXContainerItemProxy */;
		};
		007DDCAA2140575E00047CE4 /* PBXTargetDependency */ = {
			isa = PBXTargetDependency;
			target = 007DDC882140575800047CE4 /* randomjournal */;
			targetProxy = 007DDCA92140575E00047CE4 /* PBXContainerItemProxy */;
		};
/* End PBXTargetDependency section */

/* Begin PBXVariantGroup section */
		007DDC902140575800047CE4 /* Main.storyboard */ = {
			isa = PBXVariantGroup;
			children = (
				007DDC912140575800047CE4 /* Base */,
			);
			name = Main.storyboard;
			sourceTree = "<group>";
		};
/* End PBXVariantGroup section */

/* Begin XCBuildConfiguration section */
		007DDCAF2140575E00047CE4 /* Debug */ = {
			isa = XCBuildConfiguration;
			buildSettings = {
				ALWAYS_SEARCH_USER_PATHS = NO;
				CLANG_ANALYZER_NONNULL = YES;
				CLANG_ANALYZER_NUMBER_OBJECT_CONVERSION = YES_AGGRESSIVE;
				CLANG_CXX_LANGUAGE_STANDARD = "gnu++14";
				CLANG_CXX_LIBRARY = "libc++";
				CLANG_ENABLE_MODULES = YES;
				CLANG_ENABLE_OBJC_ARC = YES;
				CLANG_ENABLE_OBJC_WEAK = YES;
				CLANG_WARN_BLOCK_CAPTURE_AUTORELEASING = YES;
				CLANG_WARN_BOOL_CONVERSION = YES;
				CLANG_WARN_COMMA = YES;
				CLANG_WARN_CONSTANT_CONVERSION = YES;
				CLANG_WARN_DEPRECATED_OBJC_IMPLEMENTATIONS = YES;
				CLANG_WARN_DIRECT_OBJC_ISA_USAGE = YES_ERROR;
				CLANG_WARN_DOCUMENTATION_COMMENTS = YES;
				CLANG_WARN_EMPTY_BODY = YES;
				CLANG_WARN_ENUM_CONVERSION = YES;
				CLANG_WARN_INFINITE_RECURSION = YES;
				CLANG_WARN_INT_CONVERSION = YES;
				CLANG_WARN_NON_LITERAL_NULL_CONVERSION = YES;
				CLANG_WARN_OBJC_IMPLICIT_RETAIN_SELF = YES;
				CLANG_WARN_OBJC_LITERAL_CONVERSION = YES;
				CLANG_WARN_OBJC_ROOT_CLASS = YES_ERROR;
				CLANG_WARN_RANGE_LOOP_ANALYSIS = YES;
				CLANG_WARN_STRICT_PROTOTYPES = YES;
				CLANG_WARN_SUSPICIOUS_MOVE = YES;
				CLANG_WARN_UNGUARDED_AVAILABILITY = YES_AGGRESSIVE;
				CLANG_WARN_UNREACHABLE_CODE = YES;
				CLANG_WARN__DUPLICATE_METHOD_MATCH = YES;
				CODE_SIGN_IDENTITY = "iPhone Developer";
				COPY_PHASE_STRIP = NO;
				DEBUG_INFORMATION_FORMAT = dwarf;
				ENABLE_STRICT_OBJC_MSGSEND = YES;
				ENABLE_TESTABILITY = YES;
				GCC_C_LANGUAGE_STANDARD = gnu11;
				GCC_DYNAMIC_NO_PIC = NO;
				GCC_NO_COMMON_BLOCKS = YES;
				GCC_OPTIMIZATION_LEVEL = 0;
				GCC_PREPROCESSOR_DEFINITIONS = (
					"DEBUG=1",
					"$(inherited)",
				);
				GCC_WARN_64_TO_32_BIT_CONVERSION = YES;
				GCC_WARN_ABOUT_RETURN_TYPE = YES_ERROR;
				GCC_WARN_UNDECLARED_SELECTOR = YES;
				GCC_WARN_UNINITIALIZED_AUTOS = YES_AGGRESSIVE;
				GCC_WARN_UNUSED_FUNCTION = YES;
				GCC_WARN_UNUSED_VARIABLE = YES;
				IPHONEOS_DEPLOYMENT_TARGET = 11.4;
				MTL_ENABLE_DEBUG_INFO = YES;
				ONLY_ACTIVE_ARCH = YES;
				SDKROOT = iphoneos;
				SWIFT_ACTIVE_COMPILATION_CONDITIONS = DEBUG;
				SWIFT_OPTIMIZATION_LEVEL = "-Onone";
			};
			name = Debug;
		};
		007DDCB02140575E00047CE4 /* Release */ = {
			isa = XCBuildConfiguration;
			buildSettings = {
				ALWAYS_SEARCH_USER_PATHS = NO;
				CLANG_ANALYZER_NONNULL = YES;
				CLANG_ANALYZER_NUMBER_OBJECT_CONVERSION = YES_AGGRESSIVE;
				CLANG_CXX_LANGUAGE_STANDARD = "gnu++14";
				CLANG_CXX_LIBRARY = "libc++";
				CLANG_ENABLE_MODULES = YES;
				CLANG_ENABLE_OBJC_ARC = YES;
				CLANG_ENABLE_OBJC_WEAK = YES;
				CLANG_WARN_BLOCK_CAPTURE_AUTORELEASING = YES;
				CLANG_WARN_BOOL_CONVERSION = YES;
				CLANG_WARN_COMMA = YES;
				CLANG_WARN_CONSTANT_CONVERSION = YES;
				CLANG_WARN_DEPRECATED_OBJC_IMPLEMENTATIONS = YES;
				CLANG_WARN_DIRECT_OBJC_ISA_USAGE = YES_ERROR;
				CLANG_WARN_DOCUMENTATION_COMMENTS = YES;
				CLANG_WARN_EMPTY_BODY = YES;
				CLANG_WARN_ENUM_CONVERSION = YES;
				CLANG_WARN_INFINITE_RECURSION = YES;
				CLANG_WARN_INT_CONVERSION = YES;
				CLANG_WARN_NON_LITERAL_NULL_CONVERSION = YES;
				CLANG_WARN_OBJC_IMPLICIT_RETAIN_SELF = YES;
				CLANG_WARN_OBJC_LITERAL_CONVERSION = YES;
				CLANG_WARN_OBJC_ROOT_CLASS = YES_ERROR;
				CLANG_WARN_RANGE_LOOP_ANALYSIS = YES;
				CLANG_WARN_STRICT_PROTOTYPES = YES;
				CLANG_WARN_SUSPICIOUS_MOVE = YES;
				CLANG_WARN_UNGUARDED_AVAILABILITY = YES_AGGRESSIVE;
				CLANG_WARN_UNREACHABLE_CODE = YES;
				CLANG_WARN__DUPLICATE_METHOD_MATCH = YES;
				CODE_SIGN_IDENTITY = "iPhone Developer";
				COPY_PHASE_STRIP = NO;
				DEBUG_INFORMATION_FORMAT = "dwarf-with-dsym";
				ENABLE_NS_ASSERTIONS = NO;
				ENABLE_STRICT_OBJC_MSGSEND = YES;
				GCC_C_LANGUAGE_STANDARD = gnu11;
				GCC_NO_COMMON_BLOCKS = YES;
				GCC_WARN_64_TO_32_BIT_CONVERSION = YES;
				GCC_WARN_ABOUT_RETURN_TYPE = YES_ERROR;
				GCC_WARN_UNDECLARED_SELECTOR = YES;
				GCC_WARN_UNINITIALIZED_AUTOS = YES_AGGRESSIVE;
				GCC_WARN_UNUSED_FUNCTION = YES;
				GCC_WARN_UNUSED_VARIABLE = YES;
				IPHONEOS_DEPLOYMENT_TARGET = 11.4;
				MTL_ENABLE_DEBUG_INFO = NO;
				SDKROOT = iphoneos;
				SWIFT_COMPILATION_MODE = wholemodule;
				SWIFT_OPTIMIZATION_LEVEL = "-O";
				VALIDATE_PRODUCT = YES;
			};
			name = Release;
		};
		007DDCB22140575E00047CE4 /* Debug */ = {
			isa = XCBuildConfiguration;
			baseConfigurationReference = 7050C6F3FBDD903D70508D19 /* Pods-randomjournal.debug.xcconfig */;
			buildSettings = {
				ASSETCATALOG_COMPILER_APPICON_NAME = AppIcon;
				CODE_SIGN_STYLE = Automatic;
				DEVELOPMENT_TEAM = DT7J588MSE;
				FRAMEWORK_SEARCH_PATHS = (
					"$(inherited)",
					"$(PROJECT_DIR)",
				);
				INFOPLIST_FILE = randomjournal/Info.plist;
				LD_RUNPATH_SEARCH_PATHS = (
					"$(inherited)",
					"@executable_path/Frameworks",
				);
				PRODUCT_BUNDLE_IDENTIFIER = com.tplaskon.randomjournal;
				PRODUCT_NAME = "$(TARGET_NAME)";
				SWIFT_VERSION = 4.0;
				TARGETED_DEVICE_FAMILY = "1,2";
			};
			name = Debug;
		};
		007DDCB32140575E00047CE4 /* Release */ = {
			isa = XCBuildConfiguration;
			baseConfigurationReference = 0E5289EA7B6730CADC459C6E /* Pods-randomjournal.release.xcconfig */;
			buildSettings = {
				ASSETCATALOG_COMPILER_APPICON_NAME = AppIcon;
				CODE_SIGN_STYLE = Automatic;
				DEVELOPMENT_TEAM = DT7J588MSE;
				FRAMEWORK_SEARCH_PATHS = (
					"$(inherited)",
					"$(PROJECT_DIR)",
				);
				INFOPLIST_FILE = randomjournal/Info.plist;
				LD_RUNPATH_SEARCH_PATHS = (
					"$(inherited)",
					"@executable_path/Frameworks",
				);
				PRODUCT_BUNDLE_IDENTIFIER = com.tplaskon.randomjournal;
				PRODUCT_NAME = "$(TARGET_NAME)";
				SWIFT_VERSION = 4.0;
				TARGETED_DEVICE_FAMILY = "1,2";
			};
			name = Release;
		};
		007DDCB52140575E00047CE4 /* Debug */ = {
			isa = XCBuildConfiguration;
			baseConfigurationReference = 8EE6DFE21BC09CFF720C8324 /* Pods-randomjournalTests.debug.xcconfig */;
			buildSettings = {
				ALWAYS_EMBED_SWIFT_STANDARD_LIBRARIES = YES;
				BUNDLE_LOADER = "$(TEST_HOST)";
				CODE_SIGN_STYLE = Automatic;
				DEVELOPMENT_TEAM = DT7J588MSE;
				FRAMEWORK_SEARCH_PATHS = (
					"$(inherited)",
					"$(PROJECT_DIR)",
				);
				INFOPLIST_FILE = randomjournalTests/Info.plist;
				LD_RUNPATH_SEARCH_PATHS = (
					"$(inherited)",
					"@executable_path/Frameworks",
					"@loader_path/Frameworks",
				);
				PRODUCT_BUNDLE_IDENTIFIER = com.tplaskon.randomjournalTests;
				PRODUCT_NAME = "$(TARGET_NAME)";
				SWIFT_VERSION = 4.0;
				TARGETED_DEVICE_FAMILY = "1,2";
				TEST_HOST = "$(BUILT_PRODUCTS_DIR)/randomjournal.app/randomjournal";
			};
			name = Debug;
		};
		007DDCB62140575E00047CE4 /* Release */ = {
			isa = XCBuildConfiguration;
			baseConfigurationReference = A57AF8EA0B1A6F1986D79D6A /* Pods-randomjournalTests.release.xcconfig */;
			buildSettings = {
				ALWAYS_EMBED_SWIFT_STANDARD_LIBRARIES = YES;
				BUNDLE_LOADER = "$(TEST_HOST)";
				CODE_SIGN_STYLE = Automatic;
				DEVELOPMENT_TEAM = DT7J588MSE;
				FRAMEWORK_SEARCH_PATHS = (
					"$(inherited)",
					"$(PROJECT_DIR)",
				);
				INFOPLIST_FILE = randomjournalTests/Info.plist;
				LD_RUNPATH_SEARCH_PATHS = (
					"$(inherited)",
					"@executable_path/Frameworks",
					"@loader_path/Frameworks",
				);
				PRODUCT_BUNDLE_IDENTIFIER = com.tplaskon.randomjournalTests;
				PRODUCT_NAME = "$(TARGET_NAME)";
				SWIFT_VERSION = 4.0;
				TARGETED_DEVICE_FAMILY = "1,2";
				TEST_HOST = "$(BUILT_PRODUCTS_DIR)/randomjournal.app/randomjournal";
			};
			name = Release;
		};
		007DDCB82140575E00047CE4 /* Debug */ = {
			isa = XCBuildConfiguration;
			baseConfigurationReference = 7F9D588D4AEE28B7D7174C8F /* Pods-randomjournalUITests.debug.xcconfig */;
			buildSettings = {
				ALWAYS_EMBED_SWIFT_STANDARD_LIBRARIES = YES;
				CODE_SIGN_STYLE = Automatic;
				DEVELOPMENT_TEAM = DT7J588MSE;
				INFOPLIST_FILE = randomjournalUITests/Info.plist;
				LD_RUNPATH_SEARCH_PATHS = (
					"$(inherited)",
					"@executable_path/Frameworks",
					"@loader_path/Frameworks",
				);
				PRODUCT_BUNDLE_IDENTIFIER = com.tplaskon.randomjournalUITests;
				PRODUCT_NAME = "$(TARGET_NAME)";
				SWIFT_VERSION = 4.0;
				TARGETED_DEVICE_FAMILY = "1,2";
				TEST_TARGET_NAME = randomjournal;
			};
			name = Debug;
		};
		007DDCB92140575E00047CE4 /* Release */ = {
			isa = XCBuildConfiguration;
			baseConfigurationReference = 9ECD9BCDF90388068EACB3E0 /* Pods-randomjournalUITests.release.xcconfig */;
			buildSettings = {
				ALWAYS_EMBED_SWIFT_STANDARD_LIBRARIES = YES;
				CODE_SIGN_STYLE = Automatic;
				DEVELOPMENT_TEAM = DT7J588MSE;
				INFOPLIST_FILE = randomjournalUITests/Info.plist;
				LD_RUNPATH_SEARCH_PATHS = (
					"$(inherited)",
					"@executable_path/Frameworks",
					"@loader_path/Frameworks",
				);
				PRODUCT_BUNDLE_IDENTIFIER = com.tplaskon.randomjournalUITests;
				PRODUCT_NAME = "$(TARGET_NAME)";
				SWIFT_VERSION = 4.0;
				TARGETED_DEVICE_FAMILY = "1,2";
				TEST_TARGET_NAME = randomjournal;
			};
			name = Release;
		};
/* End XCBuildConfiguration section */

/* Begin XCConfigurationList section */
		007DDC842140575800047CE4 /* Build configuration list for PBXProject "randomjournal" */ = {
			isa = XCConfigurationList;
			buildConfigurations = (
				007DDCAF2140575E00047CE4 /* Debug */,
				007DDCB02140575E00047CE4 /* Release */,
			);
			defaultConfigurationIsVisible = 0;
			defaultConfigurationName = Release;
		};
		007DDCB12140575E00047CE4 /* Build configuration list for PBXNativeTarget "randomjournal" */ = {
			isa = XCConfigurationList;
			buildConfigurations = (
				007DDCB22140575E00047CE4 /* Debug */,
				007DDCB32140575E00047CE4 /* Release */,
			);
			defaultConfigurationIsVisible = 0;
			defaultConfigurationName = Release;
		};
		007DDCB42140575E00047CE4 /* Build configuration list for PBXNativeTarget "randomjournalTests" */ = {
			isa = XCConfigurationList;
			buildConfigurations = (
				007DDCB52140575E00047CE4 /* Debug */,
				007DDCB62140575E00047CE4 /* Release */,
			);
			defaultConfigurationIsVisible = 0;
			defaultConfigurationName = Release;
		};
		007DDCB72140575E00047CE4 /* Build configuration list for PBXNativeTarget "randomjournalUITests" */ = {
			isa = XCConfigurationList;
			buildConfigurations = (
				007DDCB82140575E00047CE4 /* Debug */,
				007DDCB92140575E00047CE4 /* Release */,
			);
			defaultConfigurationIsVisible = 0;
			defaultConfigurationName = Release;
		};
/* End XCConfigurationList section */
	};
	rootObject = 007DDC812140575800047CE4 /* Project object */;
}
